
Microsoft Visual Studio Solution File, Format Version 12.00
# Visual Studio Version 16
VisualStudioVersion = 16.0.31911.196
MinimumVisualStudioVersion = 10.0.40219.1
Project("{F2A71F9B-5D33-465A-A702-920D77279786}") = "tweeterServer", "tweeterServer.fsproj", "{4F8668C9-8CD1-4714-8C5A-7B37E8986B2E}"
EndProject
Global
	GlobalSection(SolutionConfigurationPlatforms) = preSolution
		Debug|Any CPU = Debug|Any CPU
		Release|Any CPU = Release|Any CPU
	EndGlobalSection
	GlobalSection(ProjectConfigurationPlatforms) = postSolution
		{4F8668C9-8CD1-4714-8C5A-7B37E8986B2E}.Debug|Any CPU.ActiveCfg = Debug|Any CPU
		{4F8668C9-8CD1-4714-8C5A-7B37E8986B2E}.Debug|Any CPU.Build.0 = Debug|Any CPU
		{4F8668C9-8CD1-4714-8C5A-7B37E8986B2E}.Release|Any CPU.ActiveCfg = Release|Any CPU
		{4F8668C9-8CD1-4714-8C5A-7B37E8986B2E}.Release|Any CPU.Build.0 = Release|Any CPU
	EndGlobalSection
	GlobalSection(SolutionProperties) = preSolution
		HideSolutionNode = FALSE
	EndGlobalSection
	GlobalSection(ExtensibilityGlobals) = postSolution
		SolutionGuid = {550BB987-CF80-4369-BEEB-8169672F1E83}
	EndGlobalSection
EndGlobal
