
Microsoft Visual Studio Solution File, Format Version 12.00
# Visual Studio Version 16
VisualStudioVersion = 16.0.31911.196
MinimumVisualStudioVersion = 10.0.40219.1
Project("{F2A71F9B-5D33-465A-A702-920D77279786}") = "tweeterClient", "tweeterClient.fsproj", "{F6520F12-35AB-4557-A57E-69275198C32F}"
EndProject
Global
	GlobalSection(SolutionConfigurationPlatforms) = preSolution
		Debug|Any CPU = Debug|Any CPU
		Release|Any CPU = Release|Any CPU
	EndGlobalSection
	GlobalSection(ProjectConfigurationPlatforms) = postSolution
		{F6520F12-35AB-4557-A57E-69275198C32F}.Debug|Any CPU.ActiveCfg = Debug|Any CPU
		{F6520F12-35AB-4557-A57E-69275198C32F}.Debug|Any CPU.Build.0 = Debug|Any CPU
		{F6520F12-35AB-4557-A57E-69275198C32F}.Release|Any CPU.ActiveCfg = Release|Any CPU
		{F6520F12-35AB-4557-A57E-69275198C32F}.Release|Any CPU.Build.0 = Release|Any CPU
	EndGlobalSection
	GlobalSection(SolutionProperties) = preSolution
		HideSolutionNode = FALSE
	EndGlobalSection
	GlobalSection(ExtensibilityGlobals) = postSolution
		SolutionGuid = {F1CA7708-18AF-4F85-9BD7-FE2E4163D8F1}
	EndGlobalSection
EndGlobal
