
Microsoft Visual Studio Solution File, Format Version 12.00
# Visual Studio Version 16
VisualStudioVersion = 16.0.31911.196
MinimumVisualStudioVersion = 10.0.40219.1
Project("{F2A71F9B-5D33-465A-A702-920D77279786}") = "suave1", "suave1.fsproj", "{CAFB34BF-B036-43D0-B8DF-60A78892C661}"
EndProject
Global
	GlobalSection(SolutionConfigurationPlatforms) = preSolution
		Debug|Any CPU = Debug|Any CPU
		Release|Any CPU = Release|Any CPU
	EndGlobalSection
	GlobalSection(ProjectConfigurationPlatforms) = postSolution
		{CAFB34BF-B036-43D0-B8DF-60A78892C661}.Debug|Any CPU.ActiveCfg = Debug|Any CPU
		{CAFB34BF-B036-43D0-B8DF-60A78892C661}.Debug|Any CPU.Build.0 = Debug|Any CPU
		{CAFB34BF-B036-43D0-B8DF-60A78892C661}.Release|Any CPU.ActiveCfg = Release|Any CPU
		{CAFB34BF-B036-43D0-B8DF-60A78892C661}.Release|Any CPU.Build.0 = Release|Any CPU
	EndGlobalSection
	GlobalSection(SolutionProperties) = preSolution
		HideSolutionNode = FALSE
	EndGlobalSection
	GlobalSection(ExtensibilityGlobals) = postSolution
		SolutionGuid = {8DD1F3D4-CC82-48DA-9A1E-82621327699A}
	EndGlobalSection
EndGlobal
